
Microsoft Visual Studio Solution File, Format Version 12.00
# Visual Studio Version 17
VisualStudioVersion = 17.0.32112.339
MinimumVisualStudioVersion = 10.0.40219.1
Project("{9A19103F-16F7-4668-BE54-9A1E7A4F7556}") = "LearningCourseApp", "LearningCourseApp\LearningCourseApp.csproj", "{C77A8CF2-A7C4-4CD3-A671-CC81C8B0E471}"
EndProject
Project("{FAE04EC0-301F-11D3-BF4B-00C04F79EFBC}") = "EnrollCourseAPI", "EnrollCourseAPI\EnrollCourseAPI.csproj", "{6D5DE338-DF5B-4737-994A-6C5C0308DE20}"
EndProject
Global
	GlobalSection(SolutionConfigurationPlatforms) = preSolution
		Debug|Any CPU = Debug|Any CPU
		Release|Any CPU = Release|Any CPU
	EndGlobalSection
	GlobalSection(ProjectConfigurationPlatforms) = postSolution
		{C77A8CF2-A7C4-4CD3-A671-CC81C8B0E471}.Debug|Any CPU.ActiveCfg = Debug|Any CPU
		{C77A8CF2-A7C4-4CD3-A671-CC81C8B0E471}.Debug|Any CPU.Build.0 = Debug|Any CPU
		{C77A8CF2-A7C4-4CD3-A671-CC81C8B0E471}.Release|Any CPU.ActiveCfg = Release|Any CPU
		{C77A8CF2-A7C4-4CD3-A671-CC81C8B0E471}.Release|Any CPU.Build.0 = Release|Any CPU
		{6D5DE338-DF5B-4737-994A-6C5C0308DE20}.Debug|Any CPU.ActiveCfg = Debug|Any CPU
		{6D5DE338-DF5B-4737-994A-6C5C0308DE20}.Debug|Any CPU.Build.0 = Debug|Any CPU
		{6D5DE338-DF5B-4737-994A-6C5C0308DE20}.Release|Any CPU.ActiveCfg = Release|Any CPU
		{6D5DE338-DF5B-4737-994A-6C5C0308DE20}.Release|Any CPU.Build.0 = Release|Any CPU
	EndGlobalSection
	GlobalSection(SolutionProperties) = preSolution
		HideSolutionNode = FALSE
	EndGlobalSection
	GlobalSection(ExtensibilityGlobals) = postSolution
		SolutionGuid = {9C7F2906-FDEA-4E75-BA94-615D29C4FB16}
	EndGlobalSection
EndGlobal
